
Microsoft Visual Studio Solution File, Format Version 12.00
# Visual Studio Version 16
VisualStudioVersion = 16.0.30804.86
MinimumVisualStudioVersion = 10.0.40219.1
Project("{8BC9CEB8-8B4A-11D0-8D11-00A0C91BC942}") = "demo", "demo.vcxproj", "{C9D49AF3-3D54-4D13-8531-4DD618A10358}"
EndProject
Project("{8BC9CEB8-8B4A-11D0-8D11-00A0C91BC942}") = "net", "net\net.vcxproj", "{699E948C-CA22-45FD-82A9-E634E4F40190}"
EndProject
Project("{8BC9CEB8-8B4A-11D0-8D11-00A0C91BC942}") = "util", "util\util.vcxproj", "{EF44E655-6FE4-432A-8631-D17F10F267B2}"
EndProject
Project("{8BC9CEB8-8B4A-11D0-8D11-00A0C91BC942}") = "server", "server\server.vcxproj", "{E6F01D2C-1E66-4DBD-9CC7-74882BB0D44F}"
EndProject
Global
	GlobalSection(SolutionConfigurationPlatforms) = preSolution
		Debug|x64 = Debug|x64
		Debug|x86 = Debug|x86
		Release|x64 = Release|x64
		Release|x86 = Release|x86
	EndGlobalSection
	GlobalSection(ProjectConfigurationPlatforms) = postSolution
		{C9D49AF3-3D54-4D13-8531-4DD618A10358}.Debug|x64.ActiveCfg = Debug|x64
		{C9D49AF3-3D54-4D13-8531-4DD618A10358}.Debug|x64.Build.0 = Debug|x64
		{C9D49AF3-3D54-4D13-8531-4DD618A10358}.Debug|x86.ActiveCfg = Debug|Win32
		{C9D49AF3-3D54-4D13-8531-4DD618A10358}.Debug|x86.Build.0 = Debug|Win32
		{C9D49AF3-3D54-4D13-8531-4DD618A10358}.Release|x64.ActiveCfg = Release|x64
		{C9D49AF3-3D54-4D13-8531-4DD618A10358}.Release|x64.Build.0 = Release|x64
		{C9D49AF3-3D54-4D13-8531-4DD618A10358}.Release|x86.ActiveCfg = Release|Win32
		{C9D49AF3-3D54-4D13-8531-4DD618A10358}.Release|x86.Build.0 = Release|Win32
		{699E948C-CA22-45FD-82A9-E634E4F40190}.Debug|x64.ActiveCfg = Debug|x64
		{699E948C-CA22-45FD-82A9-E634E4F40190}.Debug|x64.Build.0 = Debug|x64
		{699E948C-CA22-45FD-82A9-E634E4F40190}.Debug|x86.ActiveCfg = Debug|Win32
		{699E948C-CA22-45FD-82A9-E634E4F40190}.Debug|x86.Build.0 = Debug|Win32
		{699E948C-CA22-45FD-82A9-E634E4F40190}.Release|x64.ActiveCfg = Release|x64
		{699E948C-CA22-45FD-82A9-E634E4F40190}.Release|x64.Build.0 = Release|x64
		{699E948C-CA22-45FD-82A9-E634E4F40190}.Release|x86.ActiveCfg = Release|Win32
		{699E948C-CA22-45FD-82A9-E634E4F40190}.Release|x86.Build.0 = Release|Win32
		{EF44E655-6FE4-432A-8631-D17F10F267B2}.Debug|x64.ActiveCfg = Debug|x64
		{EF44E655-6FE4-432A-8631-D17F10F267B2}.Debug|x64.Build.0 = Debug|x64
		{EF44E655-6FE4-432A-8631-D17F10F267B2}.Debug|x86.ActiveCfg = Debug|Win32
		{EF44E655-6FE4-432A-8631-D17F10F267B2}.Debug|x86.Build.0 = Debug|Win32
		{EF44E655-6FE4-432A-8631-D17F10F267B2}.Release|x64.ActiveCfg = Release|x64
		{EF44E655-6FE4-432A-8631-D17F10F267B2}.Release|x64.Build.0 = Release|x64
		{EF44E655-6FE4-432A-8631-D17F10F267B2}.Release|x86.ActiveCfg = Release|Win32
		{EF44E655-6FE4-432A-8631-D17F10F267B2}.Release|x86.Build.0 = Release|Win32
		{E6F01D2C-1E66-4DBD-9CC7-74882BB0D44F}.Debug|x64.ActiveCfg = Debug|x64
		{E6F01D2C-1E66-4DBD-9CC7-74882BB0D44F}.Debug|x64.Build.0 = Debug|x64
		{E6F01D2C-1E66-4DBD-9CC7-74882BB0D44F}.Debug|x86.ActiveCfg = Debug|Win32
		{E6F01D2C-1E66-4DBD-9CC7-74882BB0D44F}.Debug|x86.Build.0 = Debug|Win32
		{E6F01D2C-1E66-4DBD-9CC7-74882BB0D44F}.Release|x64.ActiveCfg = Release|x64
		{E6F01D2C-1E66-4DBD-9CC7-74882BB0D44F}.Release|x64.Build.0 = Release|x64
		{E6F01D2C-1E66-4DBD-9CC7-74882BB0D44F}.Release|x86.ActiveCfg = Release|Win32
		{E6F01D2C-1E66-4DBD-9CC7-74882BB0D44F}.Release|x86.Build.0 = Release|Win32
	EndGlobalSection
	GlobalSection(SolutionProperties) = preSolution
		HideSolutionNode = FALSE
	EndGlobalSection
	GlobalSection(ExtensibilityGlobals) = postSolution
		SolutionGuid = {DA3789F7-BE40-4306-BABD-BD697064CFBB}
	EndGlobalSection
EndGlobal
